// !$*UTF8*$!
{
	archiveVersion = 1;
	classes = {
	};
	objectVersion = 46;
	objects = {

/* Begin PBXBuildFile section */
		84C571221C0F67850055FB27 /* main.c in Sources */ = {isa = PBXBuildFile; fileRef = 84C571211C0F67850055FB27 /* main.c */; };
		84C571291C0F67A80055FB27 /* textViewCmds.c in Sources */ = {isa = PBXBuildFile; fileRef = 84C571281C0F67A80055FB27 /* textViewCmds.c */; };
		84C571341C0F67CE0055FB27 /* stringEditCmds.c in Sources */ = {isa = PBXBuildFile; fileRef = 84C5712B1C0F67CE0055FB27 /* stringEditCmds.c */; };
		84C571351C0F67CE0055FB27 /* stringInsertCmds.c in Sources */ = {isa = PBXBuildFile; fileRef = 84C5712D1C0F67CE0055FB27 /* stringInsertCmds.c */; };
		84C571361C0F67CE0055FB27 /* techCmds.c in Sources */ = {isa = PBXBuildFile; fileRef = 84C5712F1C0F67CE0055FB27 /* techCmds.c */; };
		84C571371C0F67CE0055FB27 /* assistFunctions.c in Sources */ = {isa = PBXBuildFile; fileRef = 84C571311C0F67CE0055FB27 /* assistFunctions.c */; };
/* End PBXBuildFile section */

/* Begin PBXCopyFilesBuildPhase section */
		84C5711C1C0F67850055FB27 /* CopyFiles */ = {
			isa = PBXCopyFilesBuildPhase;
			buildActionMask = 2147483647;
			dstPath = /usr/share/man/man1/;
			dstSubfolderSpec = 0;
			files = (
			);
			runOnlyForDeploymentPostprocessing = 1;
		};
/* End PBXCopyFilesBuildPhase section */

/* Begin PBXFileReference section */
		84C5711E1C0F67850055FB27 /* TE2 */ = {isa = PBXFileReference; explicitFileType = "compiled.mach-o.executable"; includeInIndex = 0; path = TE2; sourceTree = BUILT_PRODUCTS_DIR; };
		84C571211C0F67850055FB27 /* main.c */ = {isa = PBXFileReference; lastKnownFileType = sourcecode.c.c; path = main.c; sourceTree = "<group>"; };
		84C571281C0F67A80055FB27 /* textViewCmds.c */ = {isa = PBXFileReference; fileEncoding = 4; lastKnownFileType = sourcecode.c.c; path = textViewCmds.c; sourceTree = "<group>"; };
		84C5712A1C0F67B50055FB27 /* textViewCmds.h */ = {isa = PBXFileReference; lastKnownFileType = sourcecode.c.h; path = textViewCmds.h; sourceTree = "<group>"; };
		84C5712B1C0F67CE0055FB27 /* stringEditCmds.c */ = {isa = PBXFileReference; fileEncoding = 4; lastKnownFileType = sourcecode.c.c; path = stringEditCmds.c; sourceTree = "<group>"; };
		84C5712C1C0F67CE0055FB27 /* stringEditCmds.h */ = {isa = PBXFileReference; fileEncoding = 4; lastKnownFileType = sourcecode.c.h; path = stringEditCmds.h; sourceTree = "<group>"; };
		84C5712D1C0F67CE0055FB27 /* stringInsertCmds.c */ = {isa = PBXFileReference; fileEncoding = 4; lastKnownFileType = sourcecode.c.c; path = stringInsertCmds.c; sourceTree = "<group>"; };
		84C5712E1C0F67CE0055FB27 /* stringInsertCmds.h */ = {isa = PBXFileReference; fileEncoding = 4; lastKnownFileType = sourcecode.c.h; path = stringInsertCmds.h; sourceTree = "<group>"; };
		84C5712F1C0F67CE0055FB27 /* techCmds.c */ = {isa = PBXFileReference; fileEncoding = 4; lastKnownFileType = sourcecode.c.c; path = techCmds.c; sourceTree = "<group>"; };
		84C571301C0F67CE0055FB27 /* techCmds.h */ = {isa = PBXFileReference; fileEncoding = 4; lastKnownFileType = sourcecode.c.h; path = techCmds.h; sourceTree = "<group>"; };
		84C571311C0F67CE0055FB27 /* assistFunctions.c */ = {isa = PBXFileReference; fileEncoding = 4; lastKnownFileType = sourcecode.c.c; path = assistFunctions.c; sourceTree = "<group>"; };
		84C571321C0F67CE0055FB27 /* assistFunctions.h */ = {isa = PBXFileReference; fileEncoding = 4; lastKnownFileType = sourcecode.c.h; path = assistFunctions.h; sourceTree = "<group>"; };
		84C571331C0F67CE0055FB27 /* struct.h */ = {isa = PBXFileReference; fileEncoding = 4; lastKnownFileType = sourcecode.c.h; path = struct.h; sourceTree = "<group>"; };
/* End PBXFileReference section */

/* Begin PBXFrameworksBuildPhase section */
		84C5711B1C0F67850055FB27 /* Frameworks */ = {
			isa = PBXFrameworksBuildPhase;
			buildActionMask = 2147483647;
			files = (
			);
			runOnlyForDeploymentPostprocessing = 0;
		};
/* End PBXFrameworksBuildPhase section */

/* Begin PBXGroup section */
		84C571151C0F67850055FB27 = {
			isa = PBXGroup;
			children = (
				84C571201C0F67850055FB27 /* TE2 */,
				84C5711F1C0F67850055FB27 /* Products */,
			);
			sourceTree = "<group>";
		};
		84C5711F1C0F67850055FB27 /* Products */ = {
			isa = PBXGroup;
			children = (
				84C5711E1C0F67850055FB27 /* TE2 */,
			);
			name = Products;
			sourceTree = "<group>";
		};
		84C571201C0F67850055FB27 /* TE2 */ = {
			isa = PBXGroup;
			children = (
				84C571211C0F67850055FB27 /* main.c */,
				84C571281C0F67A80055FB27 /* textViewCmds.c */,
				84C5712B1C0F67CE0055FB27 /* stringEditCmds.c */,
				84C5712D1C0F67CE0055FB27 /* stringInsertCmds.c */,
				84C571311C0F67CE0055FB27 /* assistFunctions.c */,
				84C5712F1C0F67CE0055FB27 /* techCmds.c */,
				84C5712A1C0F67B50055FB27 /* textViewCmds.h */,
				84C5712C1C0F67CE0055FB27 /* stringEditCmds.h */,
				84C5712E1C0F67CE0055FB27 /* stringInsertCmds.h */,
				84C571321C0F67CE0055FB27 /* assistFunctions.h */,
				84C571301C0F67CE0055FB27 /* techCmds.h */,
				84C571331C0F67CE0055FB27 /* struct.h */,
			);
			path = TE2;
			sourceTree = "<group>";
		};
/* End PBXGroup section */

/* Begin PBXNativeTarget section */
		84C5711D1C0F67850055FB27 /* TE2 */ = {
			isa = PBXNativeTarget;
			buildConfigurationList = 84C571251C0F67850055FB27 /* Build configuration list for PBXNativeTarget "TE2" */;
			buildPhases = (
				84C5711A1C0F67850055FB27 /* Sources */,
				84C5711B1C0F67850055FB27 /* Frameworks */,
				84C5711C1C0F67850055FB27 /* CopyFiles */,
			);
			buildRules = (
			);
			dependencies = (
			);
			name = TE2;
			productName = TE2;
			productReference = 84C5711E1C0F67850055FB27 /* TE2 */;
			productType = "com.apple.product-type.tool";
		};
/* End PBXNativeTarget section */

/* Begin PBXProject section */
		84C571161C0F67850055FB27 /* Project object */ = {
			isa = PBXProject;
			attributes = {
				LastUpgradeCheck = 0710;
				ORGANIZATIONNAME = "Shant INC.";
				TargetAttributes = {
					84C5711D1C0F67850055FB27 = {
						CreatedOnToolsVersion = 7.1;
					};
				};
			};
			buildConfigurationList = 84C571191C0F67850055FB27 /* Build configuration list for PBXProject "TE2" */;
			compatibilityVersion = "Xcode 3.2";
			developmentRegion = English;
			hasScannedForEncodings = 0;
			knownRegions = (
				en,
			);
			mainGroup = 84C571151C0F67850055FB27;
			productRefGroup = 84C5711F1C0F67850055FB27 /* Products */;
			projectDirPath = "";
			projectRoot = "";
			targets = (
				84C5711D1C0F67850055FB27 /* TE2 */,
			);
		};
/* End PBXProject section */

/* Begin PBXSourcesBuildPhase section */
		84C5711A1C0F67850055FB27 /* Sources */ = {
			isa = PBXSourcesBuildPhase;
			buildActionMask = 2147483647;
			files = (
				84C571341C0F67CE0055FB27 /* stringEditCmds.c in Sources */,
				84C571291C0F67A80055FB27 /* textViewCmds.c in Sources */,
				84C571371C0F67CE0055FB27 /* assistFunctions.c in Sources */,
				84C571351C0F67CE0055FB27 /* stringInsertCmds.c in Sources */,
				84C571221C0F67850055FB27 /* main.c in Sources */,
				84C571361C0F67CE0055FB27 /* techCmds.c in Sources */,
			);
			runOnlyForDeploymentPostprocessing = 0;
		};
/* End PBXSourcesBuildPhase section */

/* Begin XCBuildConfiguration section */
		84C571231C0F67850055FB27 /* Debug */ = {
			isa = XCBuildConfiguration;
			buildSettings = {
				ALWAYS_SEARCH_USER_PATHS = NO;
				CLANG_CXX_LANGUAGE_STANDARD = "gnu++0x";
				CLANG_CXX_LIBRARY = "libc++";
				CLANG_ENABLE_MODULES = YES;
				CLANG_ENABLE_OBJC_ARC = YES;
				CLANG_WARN_BOOL_CONVERSION = YES;
				CLANG_WARN_CONSTANT_CONVERSION = YES;
				CLANG_WARN_DIRECT_OBJC_ISA_USAGE = YES_ERROR;
				CLANG_WARN_EMPTY_BODY = YES;
				CLANG_WARN_ENUM_CONVERSION = YES;
				CLANG_WARN_INT_CONVERSION = YES;
				CLANG_WARN_OBJC_ROOT_CLASS = YES_ERROR;
				CLANG_WARN_UNREACHABLE_CODE = YES;
				CLANG_WARN__DUPLICATE_METHOD_MATCH = YES;
				CODE_SIGN_IDENTITY = "-";
				COPY_PHASE_STRIP = NO;
				DEBUG_INFORMATION_FORMAT = dwarf;
				ENABLE_STRICT_OBJC_MSGSEND = YES;
				ENABLE_TESTABILITY = YES;
				GCC_C_LANGUAGE_STANDARD = gnu99;
				GCC_DYNAMIC_NO_PIC = NO;
				GCC_NO_COMMON_BLOCKS = YES;
				GCC_OPTIMIZATION_LEVEL = 0;
				GCC_PREPROCESSOR_DEFINITIONS = (
					"DEBUG=1",
					"$(inherited)",
				);
				GCC_WARN_64_TO_32_BIT_CONVERSION = YES;
				GCC_WARN_ABOUT_RETURN_TYPE = YES_ERROR;
				GCC_WARN_UNDECLARED_SELECTOR = YES;
				GCC_WARN_UNINITIALIZED_AUTOS = YES_AGGRESSIVE;
				GCC_WARN_UNUSED_FUNCTION = YES;
				GCC_WARN_UNUSED_VARIABLE = YES;
				MACOSX_DEPLOYMENT_TARGET = 10.11;
				MTL_ENABLE_DEBUG_INFO = YES;
				ONLY_ACTIVE_ARCH = YES;
				SDKROOT = macosx;
			};
			name = Debug;
		};
		84C571241C0F67850055FB27 /* Release */ = {
			isa = XCBuildConfiguration;
			buildSettings = {
				ALWAYS_SEARCH_USER_PATHS = NO;
				CLANG_CXX_LANGUAGE_STANDARD = "gnu++0x";
				CLANG_CXX_LIBRARY = "libc++";
				CLANG_ENABLE_MODULES = YES;
				CLANG_ENABLE_OBJC_ARC = YES;
				CLANG_WARN_BOOL_CONVERSION = YES;
				CLANG_WARN_CONSTANT_CONVERSION = YES;
				CLANG_WARN_DIRECT_OBJC_ISA_USAGE = YES_ERROR;
				CLANG_WARN_EMPTY_BODY = YES;
				CLANG_WARN_ENUM_CONVERSION = YES;
				CLANG_WARN_INT_CONVERSION = YES;
				CLANG_WARN_OBJC_ROOT_CLASS = YES_ERROR;
				CLANG_WARN_UNREACHABLE_CODE = YES;
				CLANG_WARN__DUPLICATE_METHOD_MATCH = YES;
				CODE_SIGN_IDENTITY = "-";
				COPY_PHASE_STRIP = NO;
				DEBUG_INFORMATION_FORMAT = "dwarf-with-dsym";
				ENABLE_NS_ASSERTIONS = NO;
				ENABLE_STRICT_OBJC_MSGSEND = YES;
				GCC_C_LANGUAGE_STANDARD = gnu99;
				GCC_NO_COMMON_BLOCKS = YES;
				GCC_WARN_64_TO_32_BIT_CONVERSION = YES;
				GCC_WARN_ABOUT_RETURN_TYPE = YES_ERROR;
				GCC_WARN_UNDECLARED_SELECTOR = YES;
				GCC_WARN_UNINITIALIZED_AUTOS = YES_AGGRESSIVE;
				GCC_WARN_UNUSED_FUNCTION = YES;
				GCC_WARN_UNUSED_VARIABLE = YES;
				MACOSX_DEPLOYMENT_TARGET = 10.11;
				MTL_ENABLE_DEBUG_INFO = NO;
				SDKROOT = macosx;
			};
			name = Release;
		};
		84C571261C0F67850055FB27 /* Debug */ = {
			isa = XCBuildConfiguration;
			buildSettings = {
				PRODUCT_NAME = "$(TARGET_NAME)";
			};
			name = Debug;
		};
		84C571271C0F67850055FB27 /* Release */ = {
			isa = XCBuildConfiguration;
			buildSettings = {
				PRODUCT_NAME = "$(TARGET_NAME)";
			};
			name = Release;
		};
/* End XCBuildConfiguration section */

/* Begin XCConfigurationList section */
		84C571191C0F67850055FB27 /* Build configuration list for PBXProject "TE2" */ = {
			isa = XCConfigurationList;
			buildConfigurations = (
				84C571231C0F67850055FB27 /* Debug */,
				84C571241C0F67850055FB27 /* Release */,
			);
			defaultConfigurationIsVisible = 0;
			defaultConfigurationName = Release;
		};
		84C571251C0F67850055FB27 /* Build configuration list for PBXNativeTarget "TE2" */ = {
			isa = XCConfigurationList;
			buildConfigurations = (
				84C571261C0F67850055FB27 /* Debug */,
				84C571271C0F67850055FB27 /* Release */,
			);
			defaultConfigurationIsVisible = 0;
			defaultConfigurationName = Release;
		};
/* End XCConfigurationList section */
	};
	rootObject = 84C571161C0F67850055FB27 /* Project object */;
}
